
Microsoft Visual Studio Solution File, Format Version 12.00
# Visual Studio 15
VisualStudioVersion = 15.0.28010.2016
MinimumVisualStudioVersion = 10.0.40219.1
Project("{9A19103F-16F7-4668-BE54-9A1E7A4F7556}") = "webapp", "webapp\webapp\webapp.csproj", "{B89014A9-D0AD-42BA-9CA4-8B4BF234B0D9}"
	ProjectSection(ProjectDependencies) = postProject
		{59336340-C92E-4369-8BCE-715E45F17368} = {59336340-C92E-4369-8BCE-715E45F17368}
	EndProjectSection
EndProject
Project("{9A19103F-16F7-4668-BE54-9A1E7A4F7556}") = "WebScrapers", "WebScrapers\WebScrapers.csproj", "{59336340-C92E-4369-8BCE-715E45F17368}"
EndProject
Global
	GlobalSection(SolutionConfigurationPlatforms) = preSolution
		Debug|Any CPU = Debug|Any CPU
		Release|Any CPU = Release|Any CPU
	EndGlobalSection
	GlobalSection(ProjectConfigurationPlatforms) = postSolution
		{B89014A9-D0AD-42BA-9CA4-8B4BF234B0D9}.Debug|Any CPU.ActiveCfg = Debug|Any CPU
		{B89014A9-D0AD-42BA-9CA4-8B4BF234B0D9}.Debug|Any CPU.Build.0 = Debug|Any CPU
		{B89014A9-D0AD-42BA-9CA4-8B4BF234B0D9}.Release|Any CPU.ActiveCfg = Release|Any CPU
		{B89014A9-D0AD-42BA-9CA4-8B4BF234B0D9}.Release|Any CPU.Build.0 = Release|Any CPU
		{59336340-C92E-4369-8BCE-715E45F17368}.Debug|Any CPU.ActiveCfg = Debug|Any CPU
		{59336340-C92E-4369-8BCE-715E45F17368}.Debug|Any CPU.Build.0 = Debug|Any CPU
		{59336340-C92E-4369-8BCE-715E45F17368}.Release|Any CPU.ActiveCfg = Release|Any CPU
		{59336340-C92E-4369-8BCE-715E45F17368}.Release|Any CPU.Build.0 = Release|Any CPU
	EndGlobalSection
	GlobalSection(SolutionProperties) = preSolution
		HideSolutionNode = FALSE
	EndGlobalSection
	GlobalSection(ExtensibilityGlobals) = postSolution
		SolutionGuid = {1ABD4A99-B09E-4ADE-8546-93E43F9EF44A}
	EndGlobalSection
EndGlobal
